
Microsoft Visual Studio Solution File, Format Version 12.00
# Visual Studio Version 17
VisualStudioVersion = 17.0.31903.59
MinimumVisualStudioVersion = 10.0.40219.1
Project("{FAE04EC0-301F-11D3-BF4B-00C04F79EFBC}") = "HelloWorld", "HelloWorld\HelloWorld.csproj", "{5C82778A-0EC7-4434-AA9D-7F99CD1C9FD5}"
EndProject
Project("{FAE04EC0-301F-11D3-BF4B-00C04F79EFBC}") = "StringManipulation", "StringManipulation\StringManipulation.csproj", "{A2FD4FC4-7CB9-4552-BC5E-4BE26B70A77D}"
EndProject
Project("{FAE04EC0-301F-11D3-BF4B-00C04F79EFBC}") = "BasicOperations", "BasicOperations\BasicOperations.csproj", "{C173C8B3-3591-4776-A583-FA900BB7FFE2}"
EndProject
Global
	GlobalSection(SolutionConfigurationPlatforms) = preSolution
		Debug|Any CPU = Debug|Any CPU
		Release|Any CPU = Release|Any CPU
	EndGlobalSection
	GlobalSection(SolutionProperties) = preSolution
		HideSolutionNode = FALSE
	EndGlobalSection
	GlobalSection(ProjectConfigurationPlatforms) = postSolution
		{5C82778A-0EC7-4434-AA9D-7F99CD1C9FD5}.Debug|Any CPU.ActiveCfg = Debug|Any CPU
		{5C82778A-0EC7-4434-AA9D-7F99CD1C9FD5}.Debug|Any CPU.Build.0 = Debug|Any CPU
		{5C82778A-0EC7-4434-AA9D-7F99CD1C9FD5}.Release|Any CPU.ActiveCfg = Release|Any CPU
		{5C82778A-0EC7-4434-AA9D-7F99CD1C9FD5}.Release|Any CPU.Build.0 = Release|Any CPU
		{A2FD4FC4-7CB9-4552-BC5E-4BE26B70A77D}.Debug|Any CPU.ActiveCfg = Debug|Any CPU
		{A2FD4FC4-7CB9-4552-BC5E-4BE26B70A77D}.Debug|Any CPU.Build.0 = Debug|Any CPU
		{A2FD4FC4-7CB9-4552-BC5E-4BE26B70A77D}.Release|Any CPU.ActiveCfg = Release|Any CPU
		{A2FD4FC4-7CB9-4552-BC5E-4BE26B70A77D}.Release|Any CPU.Build.0 = Release|Any CPU
		{C173C8B3-3591-4776-A583-FA900BB7FFE2}.Debug|Any CPU.ActiveCfg = Debug|Any CPU
		{C173C8B3-3591-4776-A583-FA900BB7FFE2}.Debug|Any CPU.Build.0 = Debug|Any CPU
		{C173C8B3-3591-4776-A583-FA900BB7FFE2}.Release|Any CPU.ActiveCfg = Release|Any CPU
		{C173C8B3-3591-4776-A583-FA900BB7FFE2}.Release|Any CPU.Build.0 = Release|Any CPU
	EndGlobalSection
EndGlobal
